<?xml version="1.0" encoding="utf-8"?>
<Project ToolsVersion="4.0" xmlns="http://schemas.microsoft.com/developer/msbuild/2003">
  <ItemGroup>
    <Filter Include="src">
      <UniqueIdentifier>{e9707050-b9ac-4ecf-8f88-f8c5ce8aa669}</UniqueIdentifier>
    </Filter>
    <Filter Include="include">
      <UniqueIdentifier>{c88f3dc1-aa2d-4af6-aaea-34d4dba4356e}</UniqueIdentifier>
    </Filter>
  </ItemGroup>
  <ItemGroup>
    <ClCompile Include="..\..\src\vision\SpringlsSecondOrder.cpp">
      <Filter>src</Filter>
    </ClCompile>
    <ClCompile Include="..\..\src\vision\SuperPixelLevelSet.cpp">
      <Filter>src</Filter>
    </ClCompile>
    <ClCompile Include="..\..\src\vision\Sift.cpp">
      <Filter>src</Filter>
    </ClCompile>
    <ClCompile Include="..\..\src\vision\SLIC.cpp">
      <Filter>src</Filter>
    </ClCompile>
    <ClCompile Include="..\..\src\vision\SpringLevelSet2D.cpp">
      <Filter>src</Filter>
    </ClCompile>
    <ClCompile Include="..\..\src\vision\SpringLevelSet3D.cpp">
      <Filter>src</Filter>
    </ClCompile>
    <ClCompile Include="..\..\src\vision\MultiActiveContour3D.cpp">
      <Filter>src</Filter>
    </ClCompile>
    <ClCompile Include="..\..\src\vision\MultiIsoContour.cpp">
      <Filter>src</Filter>
    </ClCompile>
    <ClCompile Include="..\..\src\vision\MultiIsoSurface.cpp">
      <Filter>src</Filter>
    </ClCompile>
    <ClCompile Include="..\..\src\vision\MultiSpringLevelSet2D.cpp">
      <Filter>src</Filter>
    </ClCompile>
    <ClCompile Include="..\..\src\vision\MultiSpringLevelSetSecondOrder2D.cpp">
      <Filter>src</Filter>
    </ClCompile>
    <ClCompile Include="..\..\src\vision\Phantom.cpp">
      <Filter>src</Filter>
    </ClCompile>
    <ClCompile Include="..\..\src\vision\Manifold3D.cpp">
      <Filter>src</Filter>
    </ClCompile>
    <ClCompile Include="..\..\src\vision\ManifoldCache2D.cpp">
      <Filter>src</Filter>
    </ClCompile>
    <ClCompile Include="..\..\src\vision\ManifoldCache3D.cpp">
      <Filter>src</Filter>
    </ClCompile>
    <ClCompile Include="..\..\src\vision\MultiActiveContour2D.cpp">
      <Filter>src</Filter>
    </ClCompile>
    <ClCompile Include="..\..\src\vision\AlloyMaxFlow.cpp">
      <Filter>src</Filter>
    </ClCompile>
    <ClCompile Include="..\..\src\vision\DictionaryLearning.cpp">
      <Filter>src</Filter>
    </ClCompile>
    <ClCompile Include="..\..\src\vision\MagicPixelLevelSet.cpp">
      <Filter>src</Filter>
    </ClCompile>
    <ClCompile Include="..\..\src\vision\MagicPixels.cpp">
      <Filter>src</Filter>
    </ClCompile>
    <ClCompile Include="..\..\src\vision\Manifold2D.cpp">
      <Filter>src</Filter>
    </ClCompile>
    <ClCompile Include="..\..\src\vision\ActiveManifold2D.cpp">
      <Filter>src</Filter>
    </ClCompile>
    <ClCompile Include="..\..\src\vision\ActiveManifold3D.cpp">
      <Filter>src</Filter>
    </ClCompile>
    <ClCompile Include="..\..\src\vision\AlloyGaussianMixture.cpp">
      <Filter>src</Filter>
    </ClCompile>
    <ClCompile Include="..\..\src\vision\AlloyImageFeatures.cpp">
      <Filter>src</Filter>
    </ClCompile>
    <ClCompile Include="..\..\src\ui\AlloyWorker.cpp">
      <Filter>src</Filter>
    </ClCompile>
    <ClCompile Include="..\..\src\ui\AlloyTimeline.cpp">
      <Filter>src</Filter>
    </ClCompile>
    <ClCompile Include="..\..\src\ui\AlloyToggleWidget.cpp">
      <Filter>src</Filter>
    </ClCompile>
    <ClCompile Include="..\..\src\ui\AlloyUI.cpp">
      <Filter>src</Filter>
    </ClCompile>
    <ClCompile Include="..\..\src\ui\AlloyUndoRedo.cpp">
      <Filter>src</Filter>
    </ClCompile>
    <ClCompile Include="..\..\src\ui\AlloyWindowPane.cpp">
      <Filter>src</Filter>
    </ClCompile>
    <ClCompile Include="..\..\src\ui\AlloySelectionBox.cpp">
      <Filter>src</Filter>
    </ClCompile>
    <ClCompile Include="..\..\src\ui\AlloySimulation.cpp">
      <Filter>src</Filter>
    </ClCompile>
    <ClCompile Include="..\..\src\ui\AlloySlider.cpp">
      <Filter>src</Filter>
    </ClCompile>
    <ClCompile Include="..\..\src\ui\AlloyTablePane.cpp">
      <Filter>src</Filter>
    </ClCompile>
    <ClCompile Include="..\..\src\ui\AlloyTabPane.cpp">
      <Filter>src</Filter>
    </ClCompile>
    <ClCompile Include="..\..\src\ui\AlloyTextWidget.cpp">
      <Filter>src</Filter>
    </ClCompile>
    <ClCompile Include="..\..\src\ui\AlloyMenubar.cpp">
      <Filter>src</Filter>
    </ClCompile>
    <ClCompile Include="..\..\src\ui\AlloyMessageDialog.cpp">
      <Filter>src</Filter>
    </ClCompile>
    <ClCompile Include="..\..\src\ui\AlloyNumberWidget.cpp">
      <Filter>src</Filter>
    </ClCompile>
    <ClCompile Include="..\..\src\ui\AlloyParameterPane.cpp">
      <Filter>src</Filter>
    </ClCompile>
    <ClCompile Include="..\..\src\ui\AlloyProgressBar.cpp">
      <Filter>src</Filter>
    </ClCompile>
    <ClCompile Include="..\..\src\ui\AlloyRegion.cpp">
      <Filter>src</Filter>
    </ClCompile>
    <ClCompile Include="..\..\src\ui\AlloyField.cpp">
      <Filter>src</Filter>
    </ClCompile>
    <ClCompile Include="..\..\src\ui\AlloyFileWidget.cpp">
      <Filter>src</Filter>
    </ClCompile>
    <ClCompile Include="..\..\src\ui\AlloyGlyph.cpp">
      <Filter>src</Filter>
    </ClCompile>
    <ClCompile Include="..\..\src\ui\AlloyGraphPane.cpp">
      <Filter>src</Filter>
    </ClCompile>
    <ClCompile Include="..\..\src\ui\AlloyListBox.cpp">
      <Filter>src</Filter>
    </ClCompile>
    <ClCompile Include="..\..\src\ui\AlloyDataFlow.cpp">
      <Filter>src</Filter>
    </ClCompile>
    <ClCompile Include="..\..\src\ui\AlloyDrawUtil.cpp">
      <Filter>src</Filter>
    </ClCompile>
    <ClCompile Include="..\..\src\ui\AlloyExpandBar.cpp">
      <Filter>src</Filter>
    </ClCompile>
    <ClCompile Include="..\..\src\ui\AlloyExpandTree.cpp">
      <Filter>src</Filter>
    </ClCompile>
    <ClCompile Include="..\..\src\ui\AlloyButton.cpp">
      <Filter>src</Filter>
    </ClCompile>
    <ClCompile Include="..\..\src\ui\AlloyColorSelector.cpp">
      <Filter>src</Filter>
    </ClCompile>
    <ClCompile Include="..\..\src\ui\AlloyComposite.cpp">
      <Filter>src</Filter>
    </ClCompile>
    <ClCompile Include="..\..\src\ui\AlloyContext.cpp">
      <Filter>src</Filter>
    </ClCompile>
    <ClCompile Include="..\..\src\ui\AlloyCursorLocator.cpp">
      <Filter>src</Filter>
    </ClCompile>
    <ClCompile Include="..\..\src\ui\AlloyAdjustableComposite.cpp">
      <Filter>src</Filter>
    </ClCompile>
    <ClCompile Include="..\..\src\ui\AlloyAnimator.cpp">
      <Filter>src</Filter>
    </ClCompile>
    <ClCompile Include="..\..\src\ui\AlloyApplication.cpp">
      <Filter>src</Filter>
    </ClCompile>
    <ClCompile Include="..\..\src\ui\AlloyBorderComposite.cpp">
      <Filter>src</Filter>
    </ClCompile>
    <ClCompile Include="..\..\src\system\tinyxml2.cpp">
      <Filter>src</Filter>
    </ClCompile>
    <ClCompile Include="..\..\src\system\process_win.cpp">
      <Filter>src</Filter>
    </ClCompile>
    <ClCompile Include="..\..\src\system\sha1.cpp">
      <Filter>src</Filter>
    </ClCompile>
    <ClCompile Include="..\..\src\system\sha2.cpp">
      <Filter>src</Filter>
    </ClCompile>
    <ClCompile Include="..\..\src\system\tinyprocess.cpp">
      <Filter>src</Filter>
    </ClCompile>
    <ClCompile Include="..\..\src\system\AlloyMemMappedFile.cpp">
      <Filter>src</Filter>
    </ClCompile>
    <ClCompile Include="..\..\src\system\jsonxx.cpp">
      <Filter>src</Filter>
    </ClCompile>
    <ClCompile Include="..\..\src\system\process_unix.cpp">
      <Filter>src</Filter>
    </ClCompile>
    <ClCompile Include="..\..\src\system\AlloyFileUtil.cpp">
      <Filter>src</Filter>
    </ClCompile>
    <ClCompile Include="..\..\src\physics\softbody\latticelocation.cpp">
      <Filter>src</Filter>
    </ClCompile>
    <ClCompile Include="..\..\src\physics\softbody\stdafx.cpp">
      <Filter>src</Filter>
    </ClCompile>
    <ClCompile Include="..\..\src\physics\softbody\Summation.cpp">
      <Filter>src</Filter>
    </ClCompile>
    <ClCompile Include="..\..\src\physics\softbody\Body.cpp">
      <Filter>src</Filter>
    </ClCompile>
    <ClCompile Include="..\..\src\physics\softbody\Cell.cpp">
      <Filter>src</Filter>
    </ClCompile>
    <ClCompile Include="..\..\src\physics\softbody\CellVertex.cpp">
      <Filter>src</Filter>
    </ClCompile>
    <ClCompile Include="..\..\src\physics\fluid\FluidParticles2D.cpp">
      <Filter>src</Filter>
    </ClCompile>
    <ClCompile Include="..\..\src\physics\fluid\FluidSimulation.cpp">
      <Filter>src</Filter>
    </ClCompile>
    <ClCompile Include="..\..\src\physics\fluid\LaplaceSolver.cpp">
      <Filter>src</Filter>
    </ClCompile>
    <ClCompile Include="..\..\src\physics\fluid\ParticleLocator.cpp">
      <Filter>src</Filter>
    </ClCompile>
    <ClCompile Include="..\..\src\physics\fluid\SimulationObjects.cpp">
      <Filter>src</Filter>
    </ClCompile>
    <ClCompile Include="..\..\src\ocl\ImageArray2dCL.cpp">
      <Filter>src</Filter>
    </ClCompile>
    <ClCompile Include="..\..\src\ocl\ocl_runtime_error.cpp">
      <Filter>src</Filter>
    </ClCompile>
    <ClCompile Include="..\..\src\ocl\ProgramCL.cpp">
      <Filter>src</Filter>
    </ClCompile>
    <ClCompile Include="..\..\src\ocl\TestCL.cpp">
      <Filter>src</Filter>
    </ClCompile>
    <ClCompile Include="..\..\src\ocl\ComputeCL.cpp">
      <Filter>src</Filter>
    </ClCompile>
    <ClCompile Include="..\..\src\ocl\Image2dCL.cpp">
      <Filter>src</Filter>
    </ClCompile>
    <ClCompile Include="..\..\src\ocl\Image2dCLGL.cpp">
      <Filter>src</Filter>
    </ClCompile>
    <ClCompile Include="..\..\src\ocl\Image3dCL.cpp">
      <Filter>src</Filter>
    </ClCompile>
    <ClCompile Include="..\..\src\math\svd3.cpp">
      <Filter>src</Filter>
    </ClCompile>
    <ClCompile Include="..\..\src\math\tinyspline.c">
      <Filter>src</Filter>
    </ClCompile>
    <ClCompile Include="..\..\src\math\tinysplinecpp.cpp">
      <Filter>src</Filter>
    </ClCompile>
    <ClCompile Include="..\..\src\math\AlloySparseMatrix.cpp">
      <Filter>src</Filter>
    </ClCompile>
    <ClCompile Include="..\..\src\math\AlloySparseSolve.cpp">
      <Filter>src</Filter>
    </ClCompile>
    <ClCompile Include="..\..\src\math\AlloyTensor.cpp">
      <Filter>src</Filter>
    </ClCompile>
    <ClCompile Include="..\..\src\math\AlloyVecMath.cpp">
      <Filter>src</Filter>
    </ClCompile>
    <ClCompile Include="..\..\src\math\AlloyVector.cpp">
      <Filter>src</Filter>
    </ClCompile>
    <ClCompile Include="..\..\src\math\AlloyMathBase.cpp">
      <Filter>src</Filter>
    </ClCompile>
    <ClCompile Include="..\..\src\math\AlloyNumber.cpp">
      <Filter>src</Filter>
    </ClCompile>
    <ClCompile Include="..\..\src\math\AlloyOptimization.cpp">
      <Filter>src</Filter>
    </ClCompile>
    <ClCompile Include="..\..\src\math\AlloySparseBitSet.cpp">
      <Filter>src</Filter>
    </ClCompile>
    <ClCompile Include="..\..\src\math\AlloyDenseMatrix.cpp">
      <Filter>src</Filter>
    </ClCompile>
    <ClCompile Include="..\..\src\math\AlloyDenseSolve.cpp">
      <Filter>src</Filter>
    </ClCompile>
    <ClCompile Include="..\..\src\math\AlloyLBFGS.cpp">
      <Filter>src</Filter>
    </ClCompile>
    <ClCompile Include="..\..\src\main.cpp">
      <Filter>src</Filter>
    </ClCompile>
    <ClCompile Include="..\..\src\image\tinytiffwriter.cpp">
      <Filter>src</Filter>
    </ClCompile>
    <ClCompile Include="..\..\src\image\tinyexr.cpp">
      <Filter>src</Filter>
    </ClCompile>
    <ClCompile Include="..\..\src\image\tinytiffhighrestimer.cpp">
      <Filter>src</Filter>
    </ClCompile>
    <ClCompile Include="..\..\src\image\tinytiffreader.cpp">
      <Filter>src</Filter>
    </ClCompile>
    <ClCompile Include="..\..\src\image\stb_dxt.cpp">
      <Filter>src</Filter>
    </ClCompile>
    <ClCompile Include="..\..\src\image\TiffReader.cpp">
      <Filter>src</Filter>
    </ClCompile>
    <ClCompile Include="..\..\src\image\TiffWriter.cpp">
      <Filter>src</Filter>
    </ClCompile>
    <ClCompile Include="..\..\src\image\AlloyImage.cpp">
      <Filter>src</Filter>
    </ClCompile>
    <ClCompile Include="..\..\src\image\AlloyImageEncoder.cpp">
      <Filter>src</Filter>
    </ClCompile>
    <ClCompile Include="..\..\src\image\AlloyImageProcessing.cpp">
      <Filter>src</Filter>
    </ClCompile>
    <ClCompile Include="..\..\src\image\AlloyMinHeap.cpp">
      <Filter>src</Filter>
    </ClCompile>
    <ClCompile Include="..\..\src\image\AlloyVolume.cpp">
      <Filter>src</Filter>
    </ClCompile>
    <ClCompile Include="..\..\src\image\MipavHeaderReaderWriter.cpp">
      <Filter>src</Filter>
    </ClCompile>
    <ClCompile Include="..\..\src\image\AlloyGradientVectorFlow.cpp">
      <Filter>src</Filter>
    </ClCompile>
    <ClCompile Include="..\..\src\image\AlloyDistanceField.cpp">
      <Filter>src</Filter>
    </ClCompile>
    <ClCompile Include="..\..\src\image\AlloyAnisotropicFilter.cpp">
      <Filter>src</Filter>
    </ClCompile>
    <ClCompile Include="..\..\src\graphics\shaders\ShadowCastShader.cpp">
      <Filter>src</Filter>
    </ClCompile>
    <ClCompile Include="..\..\src\graphics\shaders\SkyShader.cpp">
      <Filter>src</Filter>
    </ClCompile>
    <ClCompile Include="..\..\src\graphics\tiny_obj_loader.cpp">
      <Filter>src</Filter>
    </ClCompile>
    <ClCompile Include="..\..\src\graphics\shaders\CameraShader.cpp">
      <Filter>src</Filter>
    </ClCompile>
    <ClCompile Include="..\..\src\graphics\shaders\CommonShaders.cpp">
      <Filter>src</Filter>
    </ClCompile>
    <ClCompile Include="..\..\src\graphics\shaders\ContourShaders.cpp">
      <Filter>src</Filter>
    </ClCompile>
    <ClCompile Include="..\..\src\graphics\shaders\PointShader.cpp">
      <Filter>src</Filter>
    </ClCompile>
    <ClCompile Include="..\..\src\graphics\poisson\Geometry.cpp">
      <Filter>src</Filter>
    </ClCompile>
    <ClCompile Include="..\..\src\graphics\poisson\MarchingCubes.cpp">
      <Filter>src</Filter>
    </ClCompile>
    <ClCompile Include="..\..\src\graphics\poisson\ArgumentParser.cpp">
      <Filter>src</Filter>
    </ClCompile>
    <ClCompile Include="..\..\src\graphics\poisson\Factor.cpp">
      <Filter>src</Filter>
    </ClCompile>
    <ClCompile Include="..\..\src\graphics\TextureMapLocator.cpp">
      <Filter>src</Filter>
    </ClCompile>
    <ClCompile Include="..\..\src\graphics\GLComponent.cpp">
      <Filter>src</Filter>
    </ClCompile>
    <ClCompile Include="..\..\src\graphics\GLFrameBuffer.cpp">
      <Filter>src</Filter>
    </ClCompile>
    <ClCompile Include="..\..\src\graphics\GLShader.cpp">
      <Filter>src</Filter>
    </ClCompile>
    <ClCompile Include="..\..\src\graphics\GLTexture.cpp">
      <Filter>src</Filter>
    </ClCompile>
    <ClCompile Include="..\..\src\graphics\MeshDecimation.cpp">
      <Filter>src</Filter>
    </ClCompile>
    <ClCompile Include="..\..\src\graphics\PerlinNoise.cpp">
      <Filter>src</Filter>
    </ClCompile>
    <ClCompile Include="..\..\src\graphics\AlloyReconstruction.cpp">
      <Filter>src</Filter>
    </ClCompile>
    <ClCompile Include="..\..\src\graphics\AvoidanceRouting.cpp">
      <Filter>src</Filter>
    </ClCompile>
    <ClCompile Include="..\..\src\graphics\EndlessGrid.cpp">
      <Filter>src</Filter>
    </ClCompile>
    <ClCompile Include="..\..\src\graphics\EndlessNode.cpp">
      <Filter>src</Filter>
    </ClCompile>
    <ClCompile Include="..\..\src\graphics\ForceDirectedGraph.cpp">
      <Filter>src</Filter>
    </ClCompile>
    <ClCompile Include="..\..\src\graphics\AlloyMesh.cpp">
      <Filter>src</Filter>
    </ClCompile>
    <ClCompile Include="..\..\src\graphics\AlloyMeshPrimitives.cpp">
      <Filter>src</Filter>
    </ClCompile>
    <ClCompile Include="..\..\src\graphics\AlloyMeshTextureMap.cpp">
      <Filter>src</Filter>
    </ClCompile>
    <ClCompile Include="..\..\src\graphics\AlloyPLY.cpp">
      <Filter>src</Filter>
    </ClCompile>
    <ClCompile Include="..\..\src\graphics\AlloyDelaunay.cpp">
      <Filter>src</Filter>
    </ClCompile>
    <ClCompile Include="..\..\src\graphics\AlloyIntersector.cpp">
      <Filter>src</Filter>
    </ClCompile>
    <ClCompile Include="..\..\src\graphics\AlloyIsoContour.cpp">
      <Filter>src</Filter>
    </ClCompile>
    <ClCompile Include="..\..\src\graphics\AlloyIsoSurface.cpp">
      <Filter>src</Filter>
    </ClCompile>
    <ClCompile Include="..\..\src\graphics\AlloyCamera.cpp">
      <Filter>src</Filter>
    </ClCompile>
    <ClCompile Include="..\..\src\example\TimelineEx.cpp">
      <Filter>src</Filter>
    </ClCompile>
    <ClCompile Include="..\..\src\example\TweenEx.cpp">
      <Filter>src</Filter>
    </ClCompile>
    <ClCompile Include="..\..\src\example\UnitsEx.cpp">
      <Filter>src</Filter>
    </ClCompile>
    <ClCompile Include="..\..\src\example\WindowPaneEx.cpp">
      <Filter>src</Filter>
    </ClCompile>
    <ClCompile Include="..\..\src\example\Springls3DEx.cpp">
      <Filter>src</Filter>
    </ClCompile>
    <ClCompile Include="..\..\src\example\SuperPixelEx.cpp">
      <Filter>src</Filter>
    </ClCompile>
    <ClCompile Include="..\..\src\example\TablePaneEx.cpp">
      <Filter>src</Filter>
    </ClCompile>
    <ClCompile Include="..\..\src\example\TabPaneEx.cpp">
      <Filter>src</Filter>
    </ClCompile>
    <ClCompile Include="..\..\src\example\SanityChecks.cpp">
      <Filter>src</Filter>
    </ClCompile>
    <ClCompile Include="..\..\src\example\ShadowCastEx.cpp">
      <Filter>src</Filter>
    </ClCompile>
    <ClCompile Include="..\..\src\example\SoftBodyEx.cpp">
      <Filter>src</Filter>
    </ClCompile>
    <ClCompile Include="..\..\src\example\SplineEx.cpp">
      <Filter>src</Filter>
    </ClCompile>
    <ClCompile Include="..\..\src\example\OneEuroFilterEx.cpp">
      <Filter>src</Filter>
    </ClCompile>
    <ClCompile Include="..\..\src\example\ParameterPaneEx.cpp">
      <Filter>src</Filter>
    </ClCompile>
    <ClCompile Include="..\..\src\example\PoissonBlendEx.cpp">
      <Filter>src</Filter>
    </ClCompile>
    <ClCompile Include="..\..\src\example\PoissonInpaintEx.cpp">
      <Filter>src</Filter>
    </ClCompile>
    <ClCompile Include="..\..\src\example\ProceduralSkyEx.cpp">
      <Filter>src</Filter>
    </ClCompile>
    <ClCompile Include="..\..\src\example\MeshVertexColorEx.cpp">
      <Filter>src</Filter>
    </ClCompile>
    <ClCompile Include="..\..\src\example\MeshWireframeEx.cpp">
      <Filter>src</Filter>
    </ClCompile>
    <ClCompile Include="..\..\src\example\MultiActiveContour3DEx.cpp">
      <Filter>src</Filter>
    </ClCompile>
    <ClCompile Include="..\..\src\example\MultiActiveManifold2DEx.cpp">
      <Filter>src</Filter>
    </ClCompile>
    <ClCompile Include="..\..\src\example\NonNegativeLeastSquaresEx.cpp">
      <Filter>src</Filter>
    </ClCompile>
    <ClCompile Include="..\..\src\example\MeshSubdivideEx.cpp">
      <Filter>src</Filter>
    </ClCompile>
    <ClCompile Include="..\..\src\example\MeshTextureEx.cpp">
      <Filter>src</Filter>
    </ClCompile>
    <ClCompile Include="..\..\src\example\MeshTextureMapEx.cpp">
      <Filter>src</Filter>
    </ClCompile>
    <ClCompile Include="..\..\src\example\MeshPickerEx.cpp">
      <Filter>src</Filter>
    </ClCompile>
    <ClCompile Include="..\..\src\example\MeshPrimitivesEx.cpp">
      <Filter>src</Filter>
    </ClCompile>
    <ClCompile Include="..\..\src\example\MeshReconstructionEx.cpp">
      <Filter>src</Filter>
    </ClCompile>
    <ClCompile Include="..\..\src\example\MeshSmoothEx.cpp">
      <Filter>src</Filter>
    </ClCompile>
    <ClCompile Include="..\..\src\example\MeshMatcapEx.cpp">
      <Filter>src</Filter>
    </ClCompile>
    <ClCompile Include="..\..\src\example\MeshOptimizationEx.cpp">
      <Filter>src</Filter>
    </ClCompile>
    <ClCompile Include="..\..\src\example\MeshParticleEx.cpp">
      <Filter>src</Filter>
    </ClCompile>
    <ClCompile Include="..\..\src\example\MeshPhongEx.cpp">
      <Filter>src</Filter>
    </ClCompile>
    <ClCompile Include="..\..\src\example\MagicPixelEx.cpp">
      <Filter>src</Filter>
    </ClCompile>
    <ClCompile Include="..\..\src\example\MaxFlowEx.cpp">
      <Filter>src</Filter>
    </ClCompile>
    <ClCompile Include="..\..\src\example\MenuEx.cpp">
      <Filter>src</Filter>
    </ClCompile>
    <ClCompile Include="..\..\src\example\MeshDepthEx.cpp">
      <Filter>src</Filter>
    </ClCompile>
    <ClCompile Include="..\..\src\example\IntersectorEx.cpp">
      <Filter>src</Filter>
    </ClCompile>
    <ClCompile Include="..\..\src\example\LaplaceFillEx.cpp">
      <Filter>src</Filter>
    </ClCompile>
    <ClCompile Include="..\..\src\example\LevelSetGridEx.cpp">
      <Filter>src</Filter>
    </ClCompile>
    <ClCompile Include="..\..\src\example\LocatorEx.cpp">
      <Filter>src</Filter>
    </ClCompile>
    <ClCompile Include="..\..\src\example\GrabCutEx.cpp">
      <Filter>src</Filter>
    </ClCompile>
    <ClCompile Include="..\..\src\example\GraphPaneEx.cpp">
      <Filter>src</Filter>
    </ClCompile>
    <ClCompile Include="..\..\src\example\ImageEx.cpp">
      <Filter>src</Filter>
    </ClCompile>
    <ClCompile Include="..\..\src\example\ImageFeaturesEx.cpp">
      <Filter>src</Filter>
    </ClCompile>
    <ClCompile Include="..\..\src\example\ImageProcessingEx.cpp">
      <Filter>src</Filter>
    </ClCompile>
    <ClCompile Include="..\..\src\example\ExpandBarEx.cpp">
      <Filter>src</Filter>
    </ClCompile>
    <ClCompile Include="..\..\src\example\ExpandTreeEx.cpp">
      <Filter>src</Filter>
    </ClCompile>
    <ClCompile Include="..\..\src\example\FluidSimulationEx.cpp">
      <Filter>src</Filter>
    </ClCompile>
    <ClCompile Include="..\..\src\example\ForceDirectedGraphEx.cpp">
      <Filter>src</Filter>
    </ClCompile>
    <ClCompile Include="..\..\src\example\DictionaryLearningEx.cpp">
      <Filter>src</Filter>
    </ClCompile>
    <ClCompile Include="..\..\src\example\DistanceFieldEx.cpp">
      <Filter>src</Filter>
    </ClCompile>
    <ClCompile Include="..\..\src\example\DragEx.cpp">
      <Filter>src</Filter>
    </ClCompile>
    <ClCompile Include="..\..\src\example\EventsEx.cpp">
      <Filter>src</Filter>
    </ClCompile>
    <ClCompile Include="..\..\src\example\ColorSpaceEx.cpp">
      <Filter>src</Filter>
    </ClCompile>
    <ClCompile Include="..\..\src\example\CompositeEx.cpp">
      <Filter>src</Filter>
    </ClCompile>
    <ClCompile Include="..\..\src\example\ControlsEx.cpp">
      <Filter>src</Filter>
    </ClCompile>
    <ClCompile Include="..\..\src\example\DataFlowEx.cpp">
      <Filter>src</Filter>
    </ClCompile>
    <ClCompile Include="..\..\src\example\DialogsEx.cpp">
      <Filter>src</Filter>
    </ClCompile>
    <ClCompile Include="..\..\src\example\ActiveContour3DEx.cpp">
      <Filter>src</Filter>
    </ClCompile>
    <ClCompile Include="..\..\src\example\ActiveManifold2DEx.cpp">
      <Filter>src</Filter>
    </ClCompile>
    <ClCompile Include="..\..\src\example\AnisotropicFilterEx.cpp">
      <Filter>src</Filter>
    </ClCompile>
    <ClCompile Include="..\..\src\example\AnyFunctionEx.cpp">
      <Filter>src</Filter>
    </ClCompile>
    <ClCompile Include="..\..\src\common\nanovg.cpp">
      <Filter>src</Filter>
    </ClCompile>
    <ClCompile Include="..\..\src\common\AlloyAny.cpp">
      <Filter>src</Filter>
    </ClCompile>
    <ClCompile Include="..\..\src\common\AlloyArguments.cpp">
      <Filter>src</Filter>
    </ClCompile>
    <ClCompile Include="..\..\src\common\AlloyCommon.cpp">
      <Filter>src</Filter>
    </ClCompile>
    <ClCompile Include="..\..\src\common\AlloyUnits.cpp">
      <Filter>src</Filter>
    </ClCompile>
    <ClCompile Include="..\..\src\vision\Epnp.cpp">
      <Filter>src</Filter>
    </ClCompile>
    <ClCompile Include="..\..\src\ocl\MemoryCL.cpp">
      <Filter>src</Filter>
    </ClCompile>
    <ClCompile Include="..\..\src\ocl\BufferCL.cpp">
      <Filter>src</Filter>
    </ClCompile>
    <ClCompile Include="..\..\src\ocl\BufferCLGL.cpp">
      <Filter>src</Filter>
    </ClCompile>
    <ClCompile Include="..\..\src\ocl\FunctionCL.cpp">
      <Filter>src</Filter>
    </ClCompile>
  </ItemGroup>
  <ItemGroup>
    <ClInclude Include="..\..\src\vision\SpringlsSecondOrder.h">
      <Filter>include</Filter>
    </ClInclude>
    <ClInclude Include="..\..\src\vision\SuperPixelLevelSet.h">
      <Filter>include</Filter>
    </ClInclude>
    <ClInclude Include="..\..\src\vision\Phantom.h">
      <Filter>include</Filter>
    </ClInclude>
    <ClInclude Include="..\..\src\vision\Sift.h">
      <Filter>include</Filter>
    </ClInclude>
    <ClInclude Include="..\..\src\vision\SLIC.h">
      <Filter>include</Filter>
    </ClInclude>
    <ClInclude Include="..\..\src\vision\SpringLevelSet2D.h">
      <Filter>include</Filter>
    </ClInclude>
    <ClInclude Include="..\..\src\vision\SpringLevelSet3D.h">
      <Filter>include</Filter>
    </ClInclude>
    <ClInclude Include="..\..\src\vision\MultiActiveContour3D.h">
      <Filter>include</Filter>
    </ClInclude>
    <ClInclude Include="..\..\src\vision\MultiIsoContour.h">
      <Filter>include</Filter>
    </ClInclude>
    <ClInclude Include="..\..\src\vision\MultiIsoSurface.h">
      <Filter>include</Filter>
    </ClInclude>
    <ClInclude Include="..\..\src\vision\MultiSpringLevelSet2D.h">
      <Filter>include</Filter>
    </ClInclude>
    <ClInclude Include="..\..\src\vision\MultiSpringLevelSetSecondOrder2D.h">
      <Filter>include</Filter>
    </ClInclude>
    <ClInclude Include="..\..\src\vision\Manifold2D.h">
      <Filter>include</Filter>
    </ClInclude>
    <ClInclude Include="..\..\src\vision\Manifold3D.h">
      <Filter>include</Filter>
    </ClInclude>
    <ClInclude Include="..\..\src\vision\ManifoldCache2D.h">
      <Filter>include</Filter>
    </ClInclude>
    <ClInclude Include="..\..\src\vision\ManifoldCache3D.h">
      <Filter>include</Filter>
    </ClInclude>
    <ClInclude Include="..\..\src\vision\MultiActiveContour2D.h">
      <Filter>include</Filter>
    </ClInclude>
    <ClInclude Include="..\..\src\vision\AlloyImageFeatures.h">
      <Filter>include</Filter>
    </ClInclude>
    <ClInclude Include="..\..\src\vision\AlloyMaxFlow.h">
      <Filter>include</Filter>
    </ClInclude>
    <ClInclude Include="..\..\src\vision\DictionaryLearning.h">
      <Filter>include</Filter>
    </ClInclude>
    <ClInclude Include="..\..\src\vision\Epnp.h">
      <Filter>include</Filter>
    </ClInclude>
    <ClInclude Include="..\..\src\vision\MagicPixelLevelSet.h">
      <Filter>include</Filter>
    </ClInclude>
    <ClInclude Include="..\..\src\vision\MagicPixels.h">
      <Filter>include</Filter>
    </ClInclude>
    <ClInclude Include="..\..\src\vision\ActiveManifold2D.h">
      <Filter>include</Filter>
    </ClInclude>
    <ClInclude Include="..\..\src\vision\ActiveManifold3D.h">
      <Filter>include</Filter>
    </ClInclude>
    <ClInclude Include="..\..\src\vision\AlloyGaussianMixture.h">
      <Filter>include</Filter>
    </ClInclude>
    <ClInclude Include="..\..\src\ui\AlloyWorker.h">
      <Filter>include</Filter>
    </ClInclude>
    <ClInclude Include="..\..\src\ui\AlloyTextWidget.h">
      <Filter>include</Filter>
    </ClInclude>
    <ClInclude Include="..\..\src\ui\AlloyTimeline.h">
      <Filter>include</Filter>
    </ClInclude>
    <ClInclude Include="..\..\src\ui\AlloyToggleWidget.h">
      <Filter>include</Filter>
    </ClInclude>
    <ClInclude Include="..\..\src\ui\AlloyUI.h">
      <Filter>include</Filter>
    </ClInclude>
    <ClInclude Include="..\..\src\ui\AlloyUndoRedo.h">
      <Filter>include</Filter>
    </ClInclude>
    <ClInclude Include="..\..\src\ui\AlloyWindowPane.h">
      <Filter>include</Filter>
    </ClInclude>
    <ClInclude Include="..\..\src\ui\AlloySelectionBox.h">
      <Filter>include</Filter>
    </ClInclude>
    <ClInclude Include="..\..\src\ui\AlloySimulation.h">
      <Filter>include</Filter>
    </ClInclude>
    <ClInclude Include="..\..\src\ui\AlloySlider.h">
      <Filter>include</Filter>
    </ClInclude>
    <ClInclude Include="..\..\src\ui\AlloyTablePane.h">
      <Filter>include</Filter>
    </ClInclude>
    <ClInclude Include="..\..\src\ui\AlloyTabPane.h">
      <Filter>include</Filter>
    </ClInclude>
    <ClInclude Include="..\..\src\ui\AlloyMenubar.h">
      <Filter>include</Filter>
    </ClInclude>
    <ClInclude Include="..\..\src\ui\AlloyMessageDialog.h">
      <Filter>include</Filter>
    </ClInclude>
    <ClInclude Include="..\..\src\ui\AlloyNumberWidget.h">
      <Filter>include</Filter>
    </ClInclude>
    <ClInclude Include="..\..\src\ui\AlloyParameterPane.h">
      <Filter>include</Filter>
    </ClInclude>
    <ClInclude Include="..\..\src\ui\AlloyProgressBar.h">
      <Filter>include</Filter>
    </ClInclude>
    <ClInclude Include="..\..\src\ui\AlloyRegion.h">
      <Filter>include</Filter>
    </ClInclude>
    <ClInclude Include="..\..\src\ui\AlloyField.h">
      <Filter>include</Filter>
    </ClInclude>
    <ClInclude Include="..\..\src\ui\AlloyFileWidget.h">
      <Filter>include</Filter>
    </ClInclude>
    <ClInclude Include="..\..\src\ui\AlloyGlyph.h">
      <Filter>include</Filter>
    </ClInclude>
    <ClInclude Include="..\..\src\ui\AlloyGraphPane.h">
      <Filter>include</Filter>
    </ClInclude>
    <ClInclude Include="..\..\src\ui\AlloyListBox.h">
      <Filter>include</Filter>
    </ClInclude>
    <ClInclude Include="..\..\src\ui\AlloyDataFlow.h">
      <Filter>include</Filter>
    </ClInclude>
    <ClInclude Include="..\..\src\ui\AlloyDrawUtil.h">
      <Filter>include</Filter>
    </ClInclude>
    <ClInclude Include="..\..\src\ui\AlloyEnum.h">
      <Filter>include</Filter>
    </ClInclude>
    <ClInclude Include="..\..\src\ui\AlloyEvent.h">
      <Filter>include</Filter>
    </ClInclude>
    <ClInclude Include="..\..\src\ui\AlloyExpandBar.h">
      <Filter>include</Filter>
    </ClInclude>
    <ClInclude Include="..\..\src\ui\AlloyExpandTree.h">
      <Filter>include</Filter>
    </ClInclude>
    <ClInclude Include="..\..\src\ui\AlloyBorderComposite.h">
      <Filter>include</Filter>
    </ClInclude>
    <ClInclude Include="..\..\src\ui\AlloyButton.h">
      <Filter>include</Filter>
    </ClInclude>
    <ClInclude Include="..\..\src\ui\AlloyColorSelector.h">
      <Filter>include</Filter>
    </ClInclude>
    <ClInclude Include="..\..\src\ui\AlloyComposite.h">
      <Filter>include</Filter>
    </ClInclude>
    <ClInclude Include="..\..\src\ui\AlloyContext.h">
      <Filter>include</Filter>
    </ClInclude>
    <ClInclude Include="..\..\src\ui\AlloyCursorLocator.h">
      <Filter>include</Filter>
    </ClInclude>
    <ClInclude Include="..\..\src\ui\AlloyAdjustableComposite.h">
      <Filter>include</Filter>
    </ClInclude>
    <ClInclude Include="..\..\src\ui\AlloyAnimator.h">
      <Filter>include</Filter>
    </ClInclude>
    <ClInclude Include="..\..\src\ui\AlloyApplication.h">
      <Filter>include</Filter>
    </ClInclude>
    <ClInclude Include="..\..\src\system\tinyxml2.h">
      <Filter>include</Filter>
    </ClInclude>
    <ClInclude Include="..\..\src\system\process_unix.h">
      <Filter>include</Filter>
    </ClInclude>
    <ClInclude Include="..\..\src\system\process_win.h">
      <Filter>include</Filter>
    </ClInclude>
    <ClInclude Include="..\..\src\system\sha1.h">
      <Filter>include</Filter>
    </ClInclude>
    <ClInclude Include="..\..\src\system\sha2.h">
      <Filter>include</Filter>
    </ClInclude>
    <ClInclude Include="..\..\src\system\tinyformat.h">
      <Filter>include</Filter>
    </ClInclude>
    <ClInclude Include="..\..\src\system\tinyprocess.h">
      <Filter>include</Filter>
    </ClInclude>
    <ClInclude Include="..\..\src\system\AlloyFilesystem.h">
      <Filter>include</Filter>
    </ClInclude>
    <ClInclude Include="..\..\src\system\AlloyMemMappedFile.h">
      <Filter>include</Filter>
    </ClInclude>
    <ClInclude Include="..\..\src\system\catch.h">
      <Filter>include</Filter>
    </ClInclude>
    <ClInclude Include="..\..\src\system\jsonxx.h">
      <Filter>include</Filter>
    </ClInclude>
    <ClInclude Include="..\..\src\system\AlignedAllocator.h">
      <Filter>include</Filter>
    </ClInclude>
    <ClInclude Include="..\..\src\system\AlloyAnyFunction.h">
      <Filter>include</Filter>
    </ClInclude>
    <ClInclude Include="..\..\src\system\AlloyFileUtil.h">
      <Filter>include</Filter>
    </ClInclude>
    <ClInclude Include="..\..\src\physics\softbody\stdafx.h">
      <Filter>include</Filter>
    </ClInclude>
    <ClInclude Include="..\..\src\physics\softbody\Summation.h">
      <Filter>include</Filter>
    </ClInclude>
    <ClInclude Include="..\..\src\physics\softbody\Body.h">
      <Filter>include</Filter>
    </ClInclude>
    <ClInclude Include="..\..\src\physics\softbody\BrokenConnection.h">
      <Filter>include</Filter>
    </ClInclude>
    <ClInclude Include="..\..\src\physics\softbody\Cell.h">
      <Filter>include</Filter>
    </ClInclude>
    <ClInclude Include="..\..\src\physics\softbody\CellVertex.h">
      <Filter>include</Filter>
    </ClInclude>
    <ClInclude Include="..\..\src\physics\softbody\FastLSM.h">
      <Filter>include</Filter>
    </ClInclude>
    <ClInclude Include="..\..\src\physics\softbody\LatticeLocation.h">
      <Filter>include</Filter>
    </ClInclude>
    <ClInclude Include="..\..\src\physics\softbody\LatticePointAndCost.h">
      <Filter>include</Filter>
    </ClInclude>
    <ClInclude Include="..\..\src\physics\softbody\Particle.h">
      <Filter>include</Filter>
    </ClInclude>
    <ClInclude Include="..\..\src\physics\softbody\Region.h">
      <Filter>include</Filter>
    </ClInclude>
    <ClInclude Include="..\..\src\physics\softbody\SumData.h">
      <Filter>include</Filter>
    </ClInclude>
    <ClInclude Include="..\..\src\physics\fluid\FluidParticles2D.h">
      <Filter>include</Filter>
    </ClInclude>
    <ClInclude Include="..\..\src\physics\fluid\FluidSimulation.h">
      <Filter>include</Filter>
    </ClInclude>
    <ClInclude Include="..\..\src\physics\fluid\LaplaceSolver.h">
      <Filter>include</Filter>
    </ClInclude>
    <ClInclude Include="..\..\src\physics\fluid\ParticleLocator.h">
      <Filter>include</Filter>
    </ClInclude>
    <ClInclude Include="..\..\src\physics\fluid\SimulationObjects.h">
      <Filter>include</Filter>
    </ClInclude>
    <ClInclude Include="..\..\src\ocl\ImageArray2dCL.h">
      <Filter>include</Filter>
    </ClInclude>
    <ClInclude Include="..\..\src\ocl\MemoryCL.h">
      <Filter>include</Filter>
    </ClInclude>
    <ClInclude Include="..\..\src\ocl\ocl_runtime_error.h">
      <Filter>include</Filter>
    </ClInclude>
    <ClInclude Include="..\..\src\ocl\ProgramCL.h">
      <Filter>include</Filter>
    </ClInclude>
    <ClInclude Include="..\..\src\ocl\ComputeCL.h">
      <Filter>include</Filter>
    </ClInclude>
    <ClInclude Include="..\..\src\ocl\FunctionCL.h">
      <Filter>include</Filter>
    </ClInclude>
    <ClInclude Include="..\..\src\ocl\Image2dCL.h">
      <Filter>include</Filter>
    </ClInclude>
    <ClInclude Include="..\..\src\ocl\Image2dCLGL.h">
      <Filter>include</Filter>
    </ClInclude>
    <ClInclude Include="..\..\src\ocl\Image3dCL.h">
      <Filter>include</Filter>
    </ClInclude>
    <ClInclude Include="..\..\src\math\AlloyVector.h">
      <Filter>include</Filter>
    </ClInclude>
    <ClInclude Include="..\..\src\ocl\BufferCL.h">
      <Filter>include</Filter>
    </ClInclude>
    <ClInclude Include="..\..\src\ocl\BufferCLGL.h">
      <Filter>include</Filter>
    </ClInclude>
    <ClInclude Include="..\..\src\math\OneEuroFilter.h">
      <Filter>include</Filter>
    </ClInclude>
    <ClInclude Include="..\..\src\math\svd3.h">
      <Filter>include</Filter>
    </ClInclude>
    <ClInclude Include="..\..\src\math\tinyspline.h">
      <Filter>include</Filter>
    </ClInclude>
    <ClInclude Include="..\..\src\math\tinysplinecpp.h">
      <Filter>include</Filter>
    </ClInclude>
    <ClInclude Include="..\..\src\math\AlloySparseMatrix.h">
      <Filter>include</Filter>
    </ClInclude>
    <ClInclude Include="..\..\src\math\AlloySparseSolve.h">
      <Filter>include</Filter>
    </ClInclude>
    <ClInclude Include="..\..\src\math\AlloySpline.h">
      <Filter>include</Filter>
    </ClInclude>
    <ClInclude Include="..\..\src\math\AlloyTensor2.h">
      <Filter>include</Filter>
    </ClInclude>
    <ClInclude Include="..\..\src\math\AlloyTensor3.h">
      <Filter>include</Filter>
    </ClInclude>
    <ClInclude Include="..\..\src\math\AlloyVecMath.h">
      <Filter>include</Filter>
    </ClInclude>
    <ClInclude Include="..\..\src\math\AlloyLBFGS.h">
      <Filter>include</Filter>
    </ClInclude>
    <ClInclude Include="..\..\src\math\AlloyMath.h">
      <Filter>include</Filter>
    </ClInclude>
    <ClInclude Include="..\..\src\math\AlloyMathBase.h">
      <Filter>include</Filter>
    </ClInclude>
    <ClInclude Include="..\..\src\math\AlloyNumber.h">
      <Filter>include</Filter>
    </ClInclude>
    <ClInclude Include="..\..\src\math\AlloyOptimization.h">
      <Filter>include</Filter>
    </ClInclude>
    <ClInclude Include="..\..\src\math\AlloyOptimizationMath.h">
      <Filter>include</Filter>
    </ClInclude>
    <ClInclude Include="..\..\src\math\AlloySparseBitSet.h">
      <Filter>include</Filter>
    </ClInclude>
    <ClInclude Include="..\..\src\math\AlloyArray.h">
      <Filter>include</Filter>
    </ClInclude>
    <ClInclude Include="..\..\src\math\AlloyDenseMatrix.h">
      <Filter>include</Filter>
    </ClInclude>
    <ClInclude Include="..\..\src\math\AlloyDenseSolve.h">
      <Filter>include</Filter>
    </ClInclude>
    <ClInclude Include="..\..\src\image\tinytiffwriter.h">
      <Filter>include</Filter>
    </ClInclude>
    <ClInclude Include="..\..\src\image\stb_image_write.h">
      <Filter>include</Filter>
    </ClInclude>
    <ClInclude Include="..\..\src\image\tinyexr.h">
      <Filter>include</Filter>
    </ClInclude>
    <ClInclude Include="..\..\src\image\tinytiffhighrestimer.h">
      <Filter>include</Filter>
    </ClInclude>
    <ClInclude Include="..\..\src\image\tinytiffreader.h">
      <Filter>include</Filter>
    </ClInclude>
    <ClInclude Include="..\..\src\image\MipavHeaderReaderWriter.h">
      <Filter>include</Filter>
    </ClInclude>
    <ClInclude Include="..\..\src\image\stb_dxt.h">
      <Filter>include</Filter>
    </ClInclude>
    <ClInclude Include="..\..\src\image\stb_image.h">
      <Filter>include</Filter>
    </ClInclude>
    <ClInclude Include="..\..\src\image\TiffReader.h">
      <Filter>include</Filter>
    </ClInclude>
    <ClInclude Include="..\..\src\image\TiffWriter.h">
      <Filter>include</Filter>
    </ClInclude>
    <ClInclude Include="..\..\src\image\AlloyImage.h">
      <Filter>include</Filter>
    </ClInclude>
    <ClInclude Include="..\..\src\image\AlloyImageEncoder.h">
      <Filter>include</Filter>
    </ClInclude>
    <ClInclude Include="..\..\src\image\AlloyImageProcessing.h">
      <Filter>include</Filter>
    </ClInclude>
    <ClInclude Include="..\..\src\image\AlloyMinHeap.h">
      <Filter>include</Filter>
    </ClInclude>
    <ClInclude Include="..\..\src\image\AlloyVolume.h">
      <Filter>include</Filter>
    </ClInclude>
    <ClInclude Include="..\..\src\image\AlloyGradientVectorFlow.h">
      <Filter>include</Filter>
    </ClInclude>
    <ClInclude Include="..\..\src\image\AlloyDistanceField.h">
      <Filter>include</Filter>
    </ClInclude>
    <ClInclude Include="..\..\src\image\AlloyAnisotropicFilter.h">
      <Filter>include</Filter>
    </ClInclude>
    <ClInclude Include="..\..\src\graphics\shaders\PointShader.h">
      <Filter>include</Filter>
    </ClInclude>
    <ClInclude Include="..\..\src\graphics\shaders\ShadowCastShader.h">
      <Filter>include</Filter>
    </ClInclude>
    <ClInclude Include="..\..\src\graphics\shaders\SkyShader.h">
      <Filter>include</Filter>
    </ClInclude>
    <ClInclude Include="..\..\src\graphics\stb_perlin.h">
      <Filter>include</Filter>
    </ClInclude>
    <ClInclude Include="..\..\src\graphics\stb_rect_pack.h">
      <Filter>include</Filter>
    </ClInclude>
    <ClInclude Include="..\..\src\graphics\tiny_obj_loader.h">
      <Filter>include</Filter>
    </ClInclude>
    <ClInclude Include="..\..\src\graphics\shaders\CameraShader.h">
      <Filter>include</Filter>
    </ClInclude>
    <ClInclude Include="..\..\src\graphics\shaders\CommonShaders.h">
      <Filter>include</Filter>
    </ClInclude>
    <ClInclude Include="..\..\src\graphics\shaders\ContourShaders.h">
      <Filter>include</Filter>
    </ClInclude>
    <ClInclude Include="..\..\src\graphics\poisson\Trimmer.h">
      <Filter>include</Filter>
    </ClInclude>
    <ClInclude Include="..\..\src\graphics\poisson\Octree.h">
      <Filter>include</Filter>
    </ClInclude>
    <ClInclude Include="..\..\src\graphics\poisson\Octree.hpp">
      <Filter>include</Filter>
    </ClInclude>
    <ClInclude Include="..\..\src\graphics\poisson\PointStream.h">
      <Filter>include</Filter>
    </ClInclude>
    <ClInclude Include="..\..\src\graphics\poisson\PointStream.hpp">
      <Filter>include</Filter>
    </ClInclude>
    <ClInclude Include="..\..\src\graphics\poisson\Polynomial.h">
      <Filter>include</Filter>
    </ClInclude>
    <ClInclude Include="..\..\src\graphics\poisson\Polynomial.hpp">
      <Filter>include</Filter>
    </ClInclude>
    <ClInclude Include="..\..\src\graphics\poisson\PPolynomial.h">
      <Filter>include</Filter>
    </ClInclude>
    <ClInclude Include="..\..\src\graphics\poisson\PPolynomial.hpp">
      <Filter>include</Filter>
    </ClInclude>
    <ClInclude Include="..\..\src\graphics\poisson\SparseMatrix.h">
      <Filter>include</Filter>
    </ClInclude>
    <ClInclude Include="..\..\src\graphics\poisson\SparseMatrix.hpp">
      <Filter>include</Filter>
    </ClInclude>
    <ClInclude Include="..\..\src\graphics\poisson\MultiGridOctreeData.Evaluation.hpp">
      <Filter>include</Filter>
    </ClInclude>
    <ClInclude Include="..\..\src\graphics\poisson\MultiGridOctreeData.h">
      <Filter>include</Filter>
    </ClInclude>
    <ClInclude Include="..\..\src\graphics\poisson\MultiGridOctreeData.hpp">
      <Filter>include</Filter>
    </ClInclude>
    <ClInclude Include="..\..\src\graphics\poisson\MultiGridOctreeData.IsoSurface.hpp">
      <Filter>include</Filter>
    </ClInclude>
    <ClInclude Include="..\..\src\graphics\poisson\MultiGridOctreeData.System.hpp">
      <Filter>include</Filter>
    </ClInclude>
    <ClInclude Include="..\..\src\graphics\poisson\MultiGridOctreeData.WeightedSamples.hpp">
      <Filter>include</Filter>
    </ClInclude>
    <ClInclude Include="..\..\src\graphics\poisson\MyTime.h">
      <Filter>include</Filter>
    </ClInclude>
    <ClInclude Include="..\..\src\graphics\poisson\FunctionData.h">
      <Filter>include</Filter>
    </ClInclude>
    <ClInclude Include="..\..\src\graphics\poisson\FunctionData.hpp">
      <Filter>include</Filter>
    </ClInclude>
    <ClInclude Include="..\..\src\graphics\poisson\Geometry.h">
      <Filter>include</Filter>
    </ClInclude>
    <ClInclude Include="..\..\src\graphics\poisson\Geometry.hpp">
      <Filter>include</Filter>
    </ClInclude>
    <ClInclude Include="..\..\src\graphics\poisson\MarchingCubes.h">
      <Filter>include</Filter>
    </ClInclude>
    <ClInclude Include="..\..\src\graphics\poisson\MAT.h">
      <Filter>include</Filter>
    </ClInclude>
    <ClInclude Include="..\..\src\graphics\poisson\MAT.hpp">
      <Filter>include</Filter>
    </ClInclude>
    <ClInclude Include="..\..\src\graphics\poisson\MemoryUsage.h">
      <Filter>include</Filter>
    </ClInclude>
    <ClInclude Include="..\..\src\graphics\poisson\Allocator.h">
      <Filter>include</Filter>
    </ClInclude>
    <ClInclude Include="..\..\src\graphics\poisson\ArgumentParser.h">
      <Filter>include</Filter>
    </ClInclude>
    <ClInclude Include="..\..\src\graphics\poisson\ArgumentParser.hpp">
      <Filter>include</Filter>
    </ClInclude>
    <ClInclude Include="..\..\src\graphics\poisson\Array.h">
      <Filter>include</Filter>
    </ClInclude>
    <ClInclude Include="..\..\src\graphics\poisson\Array.hpp">
      <Filter>include</Filter>
    </ClInclude>
    <ClInclude Include="..\..\src\graphics\poisson\BinaryNode.h">
      <Filter>include</Filter>
    </ClInclude>
    <ClInclude Include="..\..\src\graphics\poisson\BSplineData.h">
      <Filter>include</Filter>
    </ClInclude>
    <ClInclude Include="..\..\src\graphics\poisson\BSplineData.hpp">
      <Filter>include</Filter>
    </ClInclude>
    <ClInclude Include="..\..\src\graphics\poisson\Factor.h">
      <Filter>include</Filter>
    </ClInclude>
    <ClInclude Include="..\..\src\graphics\libkdtree\allocator.h">
      <Filter>include</Filter>
    </ClInclude>
    <ClInclude Include="..\..\src\graphics\libkdtree\function.h">
      <Filter>include</Filter>
    </ClInclude>
    <ClInclude Include="..\..\src\graphics\libkdtree\iterator.h">
      <Filter>include</Filter>
    </ClInclude>
    <ClInclude Include="..\..\src\graphics\libkdtree\kdtree.h">
      <Filter>include</Filter>
    </ClInclude>
    <ClInclude Include="..\..\src\graphics\nanoflann.h">
      <Filter>include</Filter>
    </ClInclude>
    <ClInclude Include="..\..\src\graphics\libkdtree\node.h">
      <Filter>include</Filter>
    </ClInclude>
    <ClInclude Include="..\..\src\graphics\libkdtree\region.h">
      <Filter>include</Filter>
    </ClInclude>
    <ClInclude Include="..\..\src\graphics\TextureMapLocator.h">
      <Filter>include</Filter>
    </ClInclude>
    <ClInclude Include="..\..\src\graphics\GLComponent.h">
      <Filter>include</Filter>
    </ClInclude>
    <ClInclude Include="..\..\src\graphics\GLFrameBuffer.h">
      <Filter>include</Filter>
    </ClInclude>
    <ClInclude Include="..\..\src\graphics\GLShader.h">
      <Filter>include</Filter>
    </ClInclude>
    <ClInclude Include="..\..\src\graphics\GLTexture.h">
      <Filter>include</Filter>
    </ClInclude>
    <ClInclude Include="..\..\src\graphics\MeshDecimation.h">
      <Filter>include</Filter>
    </ClInclude>
    <ClInclude Include="..\..\src\graphics\PerlinNoise.h">
      <Filter>include</Filter>
    </ClInclude>
    <ClInclude Include="..\..\src\graphics\AlloyPLY.h">
      <Filter>include</Filter>
    </ClInclude>
    <ClInclude Include="..\..\src\graphics\AlloyReconstruction.h">
      <Filter>include</Filter>
    </ClInclude>
    <ClInclude Include="..\..\src\graphics\AvoidanceRouting.h">
      <Filter>include</Filter>
    </ClInclude>
    <ClInclude Include="..\..\src\graphics\EndlessGrid.h">
      <Filter>include</Filter>
    </ClInclude>
    <ClInclude Include="..\..\src\graphics\EndlessNode.h">
      <Filter>include</Filter>
    </ClInclude>
    <ClInclude Include="..\..\src\graphics\ForceDirectedGraph.h">
      <Filter>include</Filter>
    </ClInclude>
    <ClInclude Include="..\..\src\graphics\AlloyLocator.h">
      <Filter>include</Filter>
    </ClInclude>
    <ClInclude Include="..\..\src\graphics\AlloyMesh.h">
      <Filter>include</Filter>
    </ClInclude>
    <ClInclude Include="..\..\src\graphics\AlloyMeshPrimitives.h">
      <Filter>include</Filter>
    </ClInclude>
    <ClInclude Include="..\..\src\graphics\AlloyMeshTextureMap.h">
      <Filter>include</Filter>
    </ClInclude>
    <ClInclude Include="..\..\src\graphics\AlloyCamera.h">
      <Filter>include</Filter>
    </ClInclude>
    <ClInclude Include="..\..\src\graphics\AlloyDelaunay.h">
      <Filter>include</Filter>
    </ClInclude>
    <ClInclude Include="..\..\src\graphics\AlloyIntersector.h">
      <Filter>include</Filter>
    </ClInclude>
    <ClInclude Include="..\..\src\graphics\AlloyIsoContour.h">
      <Filter>include</Filter>
    </ClInclude>
    <ClInclude Include="..\..\src\graphics\AlloyIsoSurface.h">
      <Filter>include</Filter>
    </ClInclude>
    <ClInclude Include="..\..\src\example\TimelineEx.h">
      <Filter>include</Filter>
    </ClInclude>
    <ClInclude Include="..\..\src\example\TweenEx.h">
      <Filter>include</Filter>
    </ClInclude>
    <ClInclude Include="..\..\src\example\UnitsEx.h">
      <Filter>include</Filter>
    </ClInclude>
    <ClInclude Include="..\..\src\example\WindowPaneEx.h">
      <Filter>include</Filter>
    </ClInclude>
    <ClInclude Include="..\..\src\example\Springls3DEx.h">
      <Filter>include</Filter>
    </ClInclude>
    <ClInclude Include="..\..\src\example\SuperPixelEx.h">
      <Filter>include</Filter>
    </ClInclude>
    <ClInclude Include="..\..\src\example\TablePaneEx.h">
      <Filter>include</Filter>
    </ClInclude>
    <ClInclude Include="..\..\src\example\TabPaneEx.h">
      <Filter>include</Filter>
    </ClInclude>
    <ClInclude Include="..\..\src\example\ProceduralSkyEx.h">
      <Filter>include</Filter>
    </ClInclude>
    <ClInclude Include="..\..\src\example\ShadowCastEx.h">
      <Filter>include</Filter>
    </ClInclude>
    <ClInclude Include="..\..\src\example\SoftBodyEx.h">
      <Filter>include</Filter>
    </ClInclude>
    <ClInclude Include="..\..\src\example\SplineEx.h">
      <Filter>include</Filter>
    </ClInclude>
    <ClInclude Include="..\..\src\example\OneEuroFilterEx.h">
      <Filter>include</Filter>
    </ClInclude>
    <ClInclude Include="..\..\src\example\ParameterPaneEx.h">
      <Filter>include</Filter>
    </ClInclude>
    <ClInclude Include="..\..\src\example\PoissonBlendEx.h">
      <Filter>include</Filter>
    </ClInclude>
    <ClInclude Include="..\..\src\example\PoissonInpaintEx.h">
      <Filter>include</Filter>
    </ClInclude>
    <ClInclude Include="..\..\src\example\MeshVertexColorEx.h">
      <Filter>include</Filter>
    </ClInclude>
    <ClInclude Include="..\..\src\example\MeshWireframeEx.h">
      <Filter>include</Filter>
    </ClInclude>
    <ClInclude Include="..\..\src\example\MultiActiveContour3DEx.h">
      <Filter>include</Filter>
    </ClInclude>
    <ClInclude Include="..\..\src\example\MultiActiveManifold2DEx.h">
      <Filter>include</Filter>
    </ClInclude>
    <ClInclude Include="..\..\src\example\NonNegativeLeastSquaresEx.h">
      <Filter>include</Filter>
    </ClInclude>
    <ClInclude Include="..\..\src\example\MeshSubdivideEx.h">
      <Filter>include</Filter>
    </ClInclude>
    <ClInclude Include="..\..\src\example\MeshTextureEx.h">
      <Filter>include</Filter>
    </ClInclude>
    <ClInclude Include="..\..\src\example\MeshTextureMapEx.h">
      <Filter>include</Filter>
    </ClInclude>
    <ClInclude Include="..\..\src\example\MeshPhongEx.h">
      <Filter>include</Filter>
    </ClInclude>
    <ClInclude Include="..\..\src\example\MeshPickerEx.h">
      <Filter>include</Filter>
    </ClInclude>
    <ClInclude Include="..\..\src\example\MeshPrimitivesEx.h">
      <Filter>include</Filter>
    </ClInclude>
    <ClInclude Include="..\..\src\example\MeshReconstructionEx.h">
      <Filter>include</Filter>
    </ClInclude>
    <ClInclude Include="..\..\src\example\MeshSmoothEx.h">
      <Filter>include</Filter>
    </ClInclude>
    <ClInclude Include="..\..\src\example\MeshMatcapEx.h">
      <Filter>include</Filter>
    </ClInclude>
    <ClInclude Include="..\..\src\example\MeshOptimizationEx.h">
      <Filter>include</Filter>
    </ClInclude>
    <ClInclude Include="..\..\src\example\MeshParticleEx.h">
      <Filter>include</Filter>
    </ClInclude>
    <ClInclude Include="..\..\src\example\MagicPixelEx.h">
      <Filter>include</Filter>
    </ClInclude>
    <ClInclude Include="..\..\src\example\MaxFlowEx.h">
      <Filter>include</Filter>
    </ClInclude>
    <ClInclude Include="..\..\src\example\MenuEx.h">
      <Filter>include</Filter>
    </ClInclude>
    <ClInclude Include="..\..\src\example\MeshDepthEx.h">
      <Filter>include</Filter>
    </ClInclude>
    <ClInclude Include="..\..\src\example\IntersectorEx.h">
      <Filter>include</Filter>
    </ClInclude>
    <ClInclude Include="..\..\src\example\LaplaceFillEx.h">
      <Filter>include</Filter>
    </ClInclude>
    <ClInclude Include="..\..\src\example\LevelSetGridEx.h">
      <Filter>include</Filter>
    </ClInclude>
    <ClInclude Include="..\..\src\example\LocatorEx.h">
      <Filter>include</Filter>
    </ClInclude>
    <ClInclude Include="..\..\src\example\GrabCutEx.h">
      <Filter>include</Filter>
    </ClInclude>
    <ClInclude Include="..\..\src\example\GraphPaneEx.h">
      <Filter>include</Filter>
    </ClInclude>
    <ClInclude Include="..\..\src\example\ImageEx.h">
      <Filter>include</Filter>
    </ClInclude>
    <ClInclude Include="..\..\src\example\ImageFeaturesEx.h">
      <Filter>include</Filter>
    </ClInclude>
    <ClInclude Include="..\..\src\example\ImageProcessingEx.h">
      <Filter>include</Filter>
    </ClInclude>
    <ClInclude Include="..\..\src\example\ExpandBarEx.h">
      <Filter>include</Filter>
    </ClInclude>
    <ClInclude Include="..\..\src\example\ExpandTreeEx.h">
      <Filter>include</Filter>
    </ClInclude>
    <ClInclude Include="..\..\src\example\FluidSimulationEx.h">
      <Filter>include</Filter>
    </ClInclude>
    <ClInclude Include="..\..\src\example\ForceDirectedGraphEx.h">
      <Filter>include</Filter>
    </ClInclude>
    <ClInclude Include="..\..\src\example\DialogsEx.h">
      <Filter>include</Filter>
    </ClInclude>
    <ClInclude Include="..\..\src\example\DictionaryLearningEx.h">
      <Filter>include</Filter>
    </ClInclude>
    <ClInclude Include="..\..\src\example\DistanceFieldEx.h">
      <Filter>include</Filter>
    </ClInclude>
    <ClInclude Include="..\..\src\example\DragEx.h">
      <Filter>include</Filter>
    </ClInclude>
    <ClInclude Include="..\..\src\example\EventsEx.h">
      <Filter>include</Filter>
    </ClInclude>
    <ClInclude Include="..\..\src\example\ColorSpaceEx.h">
      <Filter>include</Filter>
    </ClInclude>
    <ClInclude Include="..\..\src\example\CompositeEx.h">
      <Filter>include</Filter>
    </ClInclude>
    <ClInclude Include="..\..\src\example\ControlsEx.h">
      <Filter>include</Filter>
    </ClInclude>
    <ClInclude Include="..\..\src\example\DataFlowEx.h">
      <Filter>include</Filter>
    </ClInclude>
    <ClInclude Include="..\..\src\example\ActiveContour3DEx.h">
      <Filter>include</Filter>
    </ClInclude>
    <ClInclude Include="..\..\src\example\ActiveManifold2DEx.h">
      <Filter>include</Filter>
    </ClInclude>
    <ClInclude Include="..\..\src\example\AnisotropicFilterEx.h">
      <Filter>include</Filter>
    </ClInclude>
    <ClInclude Include="..\..\src\common\fontstash.h">
      <Filter>include</Filter>
    </ClInclude>
    <ClInclude Include="..\..\src\common\nanovg.h">
      <Filter>include</Filter>
    </ClInclude>
    <ClInclude Include="..\..\src\common\nanovg_gl.h">
      <Filter>include</Filter>
    </ClInclude>
    <ClInclude Include="..\..\src\common\nanovg_gl_utils.h">
      <Filter>include</Filter>
    </ClInclude>
    <ClInclude Include="..\..\src\common\stb_truetype.h">
      <Filter>include</Filter>
    </ClInclude>
    <ClInclude Include="..\..\src\common\cereal\types\utility.hpp">
      <Filter>include</Filter>
    </ClInclude>
    <ClInclude Include="..\..\src\common\cereal\types\valarray.hpp">
      <Filter>include</Filter>
    </ClInclude>
    <ClInclude Include="..\..\src\common\cereal\types\vector.hpp">
      <Filter>include</Filter>
    </ClInclude>
    <ClInclude Include="..\..\src\common\cereal\types\forward_list.hpp">
      <Filter>include</Filter>
    </ClInclude>
    <ClInclude Include="..\..\src\common\cereal\types\functional.hpp">
      <Filter>include</Filter>
    </ClInclude>
    <ClInclude Include="..\..\src\common\cereal\types\list.hpp">
      <Filter>include</Filter>
    </ClInclude>
    <ClInclude Include="..\..\src\common\cereal\types\map.hpp">
      <Filter>include</Filter>
    </ClInclude>
    <ClInclude Include="..\..\src\common\cereal\types\memory.hpp">
      <Filter>include</Filter>
    </ClInclude>
    <ClInclude Include="..\..\src\common\cereal\types\polymorphic.hpp">
      <Filter>include</Filter>
    </ClInclude>
    <ClInclude Include="..\..\src\common\cereal\types\queue.hpp">
      <Filter>include</Filter>
    </ClInclude>
    <ClInclude Include="..\..\src\common\cereal\types\set.hpp">
      <Filter>include</Filter>
    </ClInclude>
    <ClInclude Include="..\..\src\common\cereal\types\stack.hpp">
      <Filter>include</Filter>
    </ClInclude>
    <ClInclude Include="..\..\src\common\cereal\types\string.hpp">
      <Filter>include</Filter>
    </ClInclude>
    <ClInclude Include="..\..\src\common\cereal\types\tuple.hpp">
      <Filter>include</Filter>
    </ClInclude>
    <ClInclude Include="..\..\src\common\cereal\types\unordered_map.hpp">
      <Filter>include</Filter>
    </ClInclude>
    <ClInclude Include="..\..\src\common\cereal\types\unordered_set.hpp">
      <Filter>include</Filter>
    </ClInclude>
    <ClInclude Include="..\..\src\common\cereal\types\array.hpp">
      <Filter>include</Filter>
    </ClInclude>
    <ClInclude Include="..\..\src\common\cereal\types\base_class.hpp">
      <Filter>include</Filter>
    </ClInclude>
    <ClInclude Include="..\..\src\common\cereal\types\bitset.hpp">
      <Filter>include</Filter>
    </ClInclude>
    <ClInclude Include="..\..\src\common\cereal\types\boost_variant.hpp">
      <Filter>include</Filter>
    </ClInclude>
    <ClInclude Include="..\..\src\common\cereal\types\chrono.hpp">
      <Filter>include</Filter>
    </ClInclude>
    <ClInclude Include="..\..\src\common\cereal\types\common.hpp">
      <Filter>include</Filter>
    </ClInclude>
    <ClInclude Include="..\..\src\common\cereal\types\complex.hpp">
      <Filter>include</Filter>
    </ClInclude>
    <ClInclude Include="..\..\src\common\cereal\types\deque.hpp">
      <Filter>include</Filter>
    </ClInclude>
    <ClInclude Include="..\..\src\common\cereal\types\concepts\pair_associative_container.hpp">
      <Filter>include</Filter>
    </ClInclude>
    <ClInclude Include="..\..\src\common\cereal\macros.hpp">
      <Filter>include</Filter>
    </ClInclude>
    <ClInclude Include="..\..\src\common\cereal\external\rapidxml\rapidxml.hpp">
      <Filter>include</Filter>
    </ClInclude>
    <ClInclude Include="..\..\src\common\cereal\external\rapidxml\rapidxml_iterators.hpp">
      <Filter>include</Filter>
    </ClInclude>
    <ClInclude Include="..\..\src\common\cereal\external\rapidxml\rapidxml_print.hpp">
      <Filter>include</Filter>
    </ClInclude>
    <ClInclude Include="..\..\src\common\cereal\external\rapidxml\rapidxml_utils.hpp">
      <Filter>include</Filter>
    </ClInclude>
    <ClInclude Include="..\..\src\common\cereal\external\rapidjson\writer.h">
      <Filter>include</Filter>
    </ClInclude>
    <ClInclude Include="..\..\src\common\cereal\external\rapidjson\ostreamwrapper.h">
      <Filter>include</Filter>
    </ClInclude>
    <ClInclude Include="..\..\src\common\cereal\external\rapidjson\pointer.h">
      <Filter>include</Filter>
    </ClInclude>
    <ClInclude Include="..\..\src\common\cereal\external\rapidjson\prettywriter.h">
      <Filter>include</Filter>
    </ClInclude>
    <ClInclude Include="..\..\src\common\cereal\external\rapidjson\rapidjson.h">
      <Filter>include</Filter>
    </ClInclude>
    <ClInclude Include="..\..\src\common\cereal\external\rapidjson\reader.h">
      <Filter>include</Filter>
    </ClInclude>
    <ClInclude Include="..\..\src\common\cereal\external\rapidjson\schema.h">
      <Filter>include</Filter>
    </ClInclude>
    <ClInclude Include="..\..\src\common\cereal\external\rapidjson\msinttypes\stdint.h">
      <Filter>include</Filter>
    </ClInclude>
    <ClInclude Include="..\..\src\common\cereal\external\rapidjson\stream.h">
      <Filter>include</Filter>
    </ClInclude>
    <ClInclude Include="..\..\src\common\cereal\external\rapidjson\stringbuffer.h">
      <Filter>include</Filter>
    </ClInclude>
    <ClInclude Include="..\..\src\common\cereal\external\rapidjson\msinttypes\inttypes.h">
      <Filter>include</Filter>
    </ClInclude>
    <ClInclude Include="..\..\src\common\cereal\external\rapidjson\istreamwrapper.h">
      <Filter>include</Filter>
    </ClInclude>
    <ClInclude Include="..\..\src\common\cereal\external\rapidjson\memorybuffer.h">
      <Filter>include</Filter>
    </ClInclude>
    <ClInclude Include="..\..\src\common\cereal\external\rapidjson\memorystream.h">
      <Filter>include</Filter>
    </ClInclude>
    <ClInclude Include="..\..\src\common\cereal\external\rapidjson\internal\pow10.h">
      <Filter>include</Filter>
    </ClInclude>
    <ClInclude Include="..\..\src\common\cereal\external\rapidjson\internal\regex.h">
      <Filter>include</Filter>
    </ClInclude>
    <ClInclude Include="..\..\src\common\cereal\external\rapidjson\internal\stack.h">
      <Filter>include</Filter>
    </ClInclude>
    <ClInclude Include="..\..\src\common\cereal\external\rapidjson\internal\strfunc.h">
      <Filter>include</Filter>
    </ClInclude>
    <ClInclude Include="..\..\src\common\cereal\external\rapidjson\internal\strtod.h">
      <Filter>include</Filter>
    </ClInclude>
    <ClInclude Include="..\..\src\common\cereal\external\rapidjson\internal\swap.h">
      <Filter>include</Filter>
    </ClInclude>
    <ClInclude Include="..\..\src\common\cereal\external\rapidjson\internal\biginteger.h">
      <Filter>include</Filter>
    </ClInclude>
    <ClInclude Include="..\..\src\common\cereal\external\rapidjson\internal\diyfp.h">
      <Filter>include</Filter>
    </ClInclude>
    <ClInclude Include="..\..\src\common\cereal\external\rapidjson\internal\dtoa.h">
      <Filter>include</Filter>
    </ClInclude>
    <ClInclude Include="..\..\src\common\cereal\external\rapidjson\filereadstream.h">
      <Filter>include</Filter>
    </ClInclude>
    <ClInclude Include="..\..\src\common\cereal\external\rapidjson\filewritestream.h">
      <Filter>include</Filter>
    </ClInclude>
    <ClInclude Include="..\..\src\common\cereal\external\rapidjson\fwd.h">
      <Filter>include</Filter>
    </ClInclude>
    <ClInclude Include="..\..\src\common\cereal\external\rapidjson\internal\ieee754.h">
      <Filter>include</Filter>
    </ClInclude>
    <ClInclude Include="..\..\src\common\cereal\external\rapidjson\internal\itoa.h">
      <Filter>include</Filter>
    </ClInclude>
    <ClInclude Include="..\..\src\common\cereal\external\rapidjson\internal\meta.h">
      <Filter>include</Filter>
    </ClInclude>
    <ClInclude Include="..\..\src\common\cereal\external\rapidjson\allocators.h">
      <Filter>include</Filter>
    </ClInclude>
    <ClInclude Include="..\..\src\common\cereal\external\base64.hpp">
      <Filter>include</Filter>
    </ClInclude>
    <ClInclude Include="..\..\src\common\cereal\external\rapidjson\document.h">
      <Filter>include</Filter>
    </ClInclude>
    <ClInclude Include="..\..\src\common\cereal\external\rapidjson\error\en.h">
      <Filter>include</Filter>
    </ClInclude>
    <ClInclude Include="..\..\src\common\cereal\external\rapidjson\encodedstream.h">
      <Filter>include</Filter>
    </ClInclude>
    <ClInclude Include="..\..\src\common\cereal\external\rapidjson\encodings.h">
      <Filter>include</Filter>
    </ClInclude>
    <ClInclude Include="..\..\src\common\cereal\external\rapidjson\error\error.h">
      <Filter>include</Filter>
    </ClInclude>
    <ClInclude Include="..\..\src\common\cereal\details\helpers.hpp">
      <Filter>include</Filter>
    </ClInclude>
    <ClInclude Include="..\..\src\common\cereal\details\polymorphic_impl.hpp">
      <Filter>include</Filter>
    </ClInclude>
    <ClInclude Include="..\..\src\common\cereal\details\polymorphic_impl_fwd.hpp">
      <Filter>include</Filter>
    </ClInclude>
    <ClInclude Include="..\..\src\common\cereal\details\static_object.hpp">
      <Filter>include</Filter>
    </ClInclude>
    <ClInclude Include="..\..\src\common\cereal\details\traits.hpp">
      <Filter>include</Filter>
    </ClInclude>
    <ClInclude Include="..\..\src\common\cereal\details\util.hpp">
      <Filter>include</Filter>
    </ClInclude>
    <ClInclude Include="..\..\src\common\cereal\access.hpp">
      <Filter>include</Filter>
    </ClInclude>
    <ClInclude Include="..\..\src\common\cereal\archives\adapters.hpp">
      <Filter>include</Filter>
    </ClInclude>
    <ClInclude Include="..\..\src\common\cereal\archives\binary.hpp">
      <Filter>include</Filter>
    </ClInclude>
    <ClInclude Include="..\..\src\common\cereal\cereal.hpp">
      <Filter>include</Filter>
    </ClInclude>
    <ClInclude Include="..\..\src\common\cereal\archives\json.hpp">
      <Filter>include</Filter>
    </ClInclude>
    <ClInclude Include="..\..\src\common\cereal\archives\portable_binary.hpp">
      <Filter>include</Filter>
    </ClInclude>
    <ClInclude Include="..\..\src\common\cereal\archives\xml.hpp">
      <Filter>include</Filter>
    </ClInclude>
    <ClInclude Include="..\..\src\common\AlloyUnits.h">
      <Filter>include</Filter>
    </ClInclude>
    <ClInclude Include="..\..\src\Alloy.h">
      <Filter>include</Filter>
    </ClInclude>
    <ClInclude Include="..\..\src\common\AlloyAny.h">
      <Filter>include</Filter>
    </ClInclude>
    <ClInclude Include="..\..\src\common\AlloyArguments.h">
      <Filter>include</Filter>
    </ClInclude>
    <ClInclude Include="..\..\src\common\AlloyCommon.h">
      <Filter>include</Filter>
    </ClInclude>
  </ItemGroup>
  <ItemGroup>
    <None Include="packages.config" />
    <None Include="..\..\src\common\cereal\external\rapidxml\manual.html">
      <Filter>include</Filter>
    </None>
  </ItemGroup>
</Project>