<?xml version="1.0" encoding="utf-8"?>
<Project ToolsVersion="4.0" xmlns="http://schemas.microsoft.com/developer/msbuild/2003">
  <ItemGroup>
    <ClCompile Include="..\..\src\example\main.cpp">
      <Filter>src</Filter>
    </ClCompile>
  </ItemGroup>
  <ItemGroup>
    <Filter Include="include">
      <UniqueIdentifier>{3ca71dd6-0d12-45f7-bfc0-3db31deae343}</UniqueIdentifier>
    </Filter>
    <Filter Include="src">
      <UniqueIdentifier>{73dd09be-2785-4fdf-8f1e-c221975d890e}</UniqueIdentifier>
    </Filter>
  </ItemGroup>
  <ItemGroup>
    <None Include="packages.config" />
  </ItemGroup>
  <ItemGroup>
    <ClInclude Include="..\..\src\example\TimelineEx.h">
      <Filter>include</Filter>
    </ClInclude>
    <ClInclude Include="..\..\src\example\TweenEx.h">
      <Filter>include</Filter>
    </ClInclude>
    <ClInclude Include="..\..\src\example\UnitsEx.h">
      <Filter>include</Filter>
    </ClInclude>
    <ClInclude Include="..\..\src\example\WindowPaneEx.h">
      <Filter>include</Filter>
    </ClInclude>
    <ClInclude Include="..\..\src\example\Springls3DEx.h">
      <Filter>include</Filter>
    </ClInclude>
    <ClInclude Include="..\..\src\example\SuperPixelEx.h">
      <Filter>include</Filter>
    </ClInclude>
    <ClInclude Include="..\..\src\example\TablePaneEx.h">
      <Filter>include</Filter>
    </ClInclude>
    <ClInclude Include="..\..\src\example\TabPaneEx.h">
      <Filter>include</Filter>
    </ClInclude>
    <ClInclude Include="..\..\src\example\ProceduralSkyEx.h">
      <Filter>include</Filter>
    </ClInclude>
    <ClInclude Include="..\..\src\example\ShadowCastEx.h">
      <Filter>include</Filter>
    </ClInclude>
    <ClInclude Include="..\..\src\example\SoftBodyEx.h">
      <Filter>include</Filter>
    </ClInclude>
    <ClInclude Include="..\..\src\example\SplineEx.h">
      <Filter>include</Filter>
    </ClInclude>
    <ClInclude Include="..\..\src\example\OneEuroFilterEx.h">
      <Filter>include</Filter>
    </ClInclude>
    <ClInclude Include="..\..\src\example\ParameterPaneEx.h">
      <Filter>include</Filter>
    </ClInclude>
    <ClInclude Include="..\..\src\example\PoissonBlendEx.h">
      <Filter>include</Filter>
    </ClInclude>
    <ClInclude Include="..\..\src\example\PoissonInpaintEx.h">
      <Filter>include</Filter>
    </ClInclude>
    <ClInclude Include="..\..\src\example\MeshVertexColorEx.h">
      <Filter>include</Filter>
    </ClInclude>
    <ClInclude Include="..\..\src\example\MeshWireframeEx.h">
      <Filter>include</Filter>
    </ClInclude>
    <ClInclude Include="..\..\src\example\MultiActiveContour3DEx.h">
      <Filter>include</Filter>
    </ClInclude>
    <ClInclude Include="..\..\src\example\MultiActiveManifold2DEx.h">
      <Filter>include</Filter>
    </ClInclude>
    <ClInclude Include="..\..\src\example\NonNegativeLeastSquaresEx.h">
      <Filter>include</Filter>
    </ClInclude>
    <ClInclude Include="..\..\src\example\MeshSubdivideEx.h">
      <Filter>include</Filter>
    </ClInclude>
    <ClInclude Include="..\..\src\example\MeshTextureEx.h">
      <Filter>include</Filter>
    </ClInclude>
    <ClInclude Include="..\..\src\example\MeshTextureMapEx.h">
      <Filter>include</Filter>
    </ClInclude>
    <ClInclude Include="..\..\src\example\MeshPhongEx.h">
      <Filter>include</Filter>
    </ClInclude>
    <ClInclude Include="..\..\src\example\MeshPickerEx.h">
      <Filter>include</Filter>
    </ClInclude>
    <ClInclude Include="..\..\src\example\MeshPrimitivesEx.h">
      <Filter>include</Filter>
    </ClInclude>
    <ClInclude Include="..\..\src\example\MeshReconstructionEx.h">
      <Filter>include</Filter>
    </ClInclude>
    <ClInclude Include="..\..\src\example\MeshSmoothEx.h">
      <Filter>include</Filter>
    </ClInclude>
    <ClInclude Include="..\..\src\example\MeshMatcapEx.h">
      <Filter>include</Filter>
    </ClInclude>
    <ClInclude Include="..\..\src\example\MeshOptimizationEx.h">
      <Filter>include</Filter>
    </ClInclude>
    <ClInclude Include="..\..\src\example\MeshParticleEx.h">
      <Filter>include</Filter>
    </ClInclude>
    <ClInclude Include="..\..\src\example\MagicPixelEx.h">
      <Filter>include</Filter>
    </ClInclude>
    <ClInclude Include="..\..\src\example\MaxFlowEx.h">
      <Filter>include</Filter>
    </ClInclude>
    <ClInclude Include="..\..\src\example\MenuEx.h">
      <Filter>include</Filter>
    </ClInclude>
    <ClInclude Include="..\..\src\example\MeshDepthEx.h">
      <Filter>include</Filter>
    </ClInclude>
    <ClInclude Include="..\..\src\example\IntersectorEx.h">
      <Filter>include</Filter>
    </ClInclude>
    <ClInclude Include="..\..\src\example\LaplaceFillEx.h">
      <Filter>include</Filter>
    </ClInclude>
    <ClInclude Include="..\..\src\example\LevelSetGridEx.h">
      <Filter>include</Filter>
    </ClInclude>
    <ClInclude Include="..\..\src\example\LocatorEx.h">
      <Filter>include</Filter>
    </ClInclude>
    <ClInclude Include="..\..\src\example\GrabCutEx.h">
      <Filter>include</Filter>
    </ClInclude>
    <ClInclude Include="..\..\src\example\GraphPaneEx.h">
      <Filter>include</Filter>
    </ClInclude>
    <ClInclude Include="..\..\src\example\ImageEx.h">
      <Filter>include</Filter>
    </ClInclude>
    <ClInclude Include="..\..\src\example\ImageFeaturesEx.h">
      <Filter>include</Filter>
    </ClInclude>
    <ClInclude Include="..\..\src\example\ImageProcessingEx.h">
      <Filter>include</Filter>
    </ClInclude>
    <ClInclude Include="..\..\src\example\ExpandBarEx.h">
      <Filter>include</Filter>
    </ClInclude>
    <ClInclude Include="..\..\src\example\ExpandTreeEx.h">
      <Filter>include</Filter>
    </ClInclude>
    <ClInclude Include="..\..\src\example\FluidSimulationEx.h">
      <Filter>include</Filter>
    </ClInclude>
    <ClInclude Include="..\..\src\example\ForceDirectedGraphEx.h">
      <Filter>include</Filter>
    </ClInclude>
    <ClInclude Include="..\..\src\example\DialogsEx.h">
      <Filter>include</Filter>
    </ClInclude>
    <ClInclude Include="..\..\src\example\DictionaryLearningEx.h">
      <Filter>include</Filter>
    </ClInclude>
    <ClInclude Include="..\..\src\example\DistanceFieldEx.h">
      <Filter>include</Filter>
    </ClInclude>
    <ClInclude Include="..\..\src\example\DragEx.h">
      <Filter>include</Filter>
    </ClInclude>
    <ClInclude Include="..\..\src\example\EventsEx.h">
      <Filter>include</Filter>
    </ClInclude>
    <ClInclude Include="..\..\src\example\ColorSpaceEx.h">
      <Filter>include</Filter>
    </ClInclude>
    <ClInclude Include="..\..\src\example\CompositeEx.h">
      <Filter>include</Filter>
    </ClInclude>
    <ClInclude Include="..\..\src\example\ControlsEx.h">
      <Filter>include</Filter>
    </ClInclude>
    <ClInclude Include="..\..\src\example\DataFlowEx.h">
      <Filter>include</Filter>
    </ClInclude>
    <ClInclude Include="..\..\src\example\ActiveContour3DEx.h">
      <Filter>include</Filter>
    </ClInclude>
    <ClInclude Include="..\..\src\example\ActiveManifold2DEx.h">
      <Filter>include</Filter>
    </ClInclude>
    <ClInclude Include="..\..\src\example\AnisotropicFilterEx.h">
      <Filter>include</Filter>
    </ClInclude>
  </ItemGroup>
</Project>